github.com/gorilla/mux v1.7.4 h1:VuZ8uybHlWmqV03+zRzdwKL4tUnIp1MAQtp1mIFE1bc=
github.com/gorilla/mux v1.7.4/go.mod h1:DVbg23sWSpFRCP0SfiEN6jmj59UnW/n46BH5rLB71So=
github.com/y-shika/todo_backend v0.0.0-20200405142601-a501be457729 h1:ne719LGep92jvrebsBTv0VbZnvEYJHlVcZ6SazB8sN8=
github.com/y-shika/todo_backend v0.0.0-20200405142601-a501be457729/go.mod h1:mo1yEirPSshJ10mLas2FDH0igt+UGtBrqMK5IDW+M0s=
